{
  "name": "rota_fullstack",
  "lockfileVersion": 3,
  "requires": true,
  "packages": {
    "": {
      "dependencies": {
        "react-native-share": "^12.1.0"
      }
    },
    "node_modules/react-native-share": {
      "version": "12.1.0",
      "resolved": "https://registry.npmjs.org/react-native-share/-/react-native-share-12.1.0.tgz",
      "integrity": "sha512-9OZrrEx9pZfl8Pw8Uh/k5Tc1o6oBaBfctq3z2wxy6eJBY6O/aRhs7/WPrXAoQmh9dCxc5sIClcKN57ef34iORQ==",
      "license": "MIT",
      "engines": {
        "node": ">=16"
      }
    }
  }
}
